// !$*UTF8*$!
{
	archiveVersion = 1;
	classes = {
	};
	objectVersion = 46;
	objects = {

/* Begin PBXBuildFile section */
		3DB7A99E1AA92CAE006925A6 /* BFShip.cpp in Sources */ = {isa = PBXBuildFile; fileRef = 3DB7A99C1AA92CAE006925A6 /* BFShip.cpp */; };
		3DB7A99F1AA92CAE006925A6 /* BFShip.cpp in Sources */ = {isa = PBXBuildFile; fileRef = 3DB7A99C1AA92CAE006925A6 /* BFShip.cpp */; };
		3DF936EE1AA5249400059486 /* main.cpp in Sources */ = {isa = PBXBuildFile; fileRef = 3DF936ED1AA5249400059486 /* main.cpp */; };
		3DF937051AA52C7900059486 /* test.cpp in Sources */ = {isa = PBXBuildFile; fileRef = 3DF937041AA52C7900059486 /* test.cpp */; };
/* End PBXBuildFile section */

/* Begin PBXCopyFilesBuildPhase section */
		3DF936E81AA5249400059486 /* CopyFiles */ = {
			isa = PBXCopyFilesBuildPhase;
			buildActionMask = 2147483647;
			dstPath = /usr/share/man/man1/;
			dstSubfolderSpec = 0;
			files = (
			);
			runOnlyForDeploymentPostprocessing = 1;
		};
		3DF936F91AA52A5F00059486 /* CopyFiles */ = {
			isa = PBXCopyFilesBuildPhase;
			buildActionMask = 2147483647;
			dstPath = /usr/share/man/man1/;
			dstSubfolderSpec = 0;
			files = (
			);
			runOnlyForDeploymentPostprocessing = 1;
		};
/* End PBXCopyFilesBuildPhase section */

/* Begin PBXFileReference section */
		3DB7A99C1AA92CAE006925A6 /* BFShip.cpp */ = {isa = PBXFileReference; fileEncoding = 4; lastKnownFileType = sourcecode.cpp.cpp; path = BFShip.cpp; sourceTree = "<group>"; };
		3DB7A99D1AA92CAE006925A6 /* BFShip.h */ = {isa = PBXFileReference; fileEncoding = 4; lastKnownFileType = sourcecode.c.h; path = BFShip.h; sourceTree = "<group>"; };
		3DF936EA1AA5249400059486 /* BattleFleet */ = {isa = PBXFileReference; explicitFileType = "compiled.mach-o.executable"; includeInIndex = 0; path = BattleFleet; sourceTree = BUILT_PRODUCTS_DIR; };
		3DF936ED1AA5249400059486 /* main.cpp */ = {isa = PBXFileReference; lastKnownFileType = sourcecode.cpp.cpp; path = main.cpp; sourceTree = "<group>"; };
		3DF936FB1AA52A5F00059486 /* BattleFleet Test */ = {isa = PBXFileReference; explicitFileType = "compiled.mach-o.executable"; includeInIndex = 0; path = "BattleFleet Test"; sourceTree = BUILT_PRODUCTS_DIR; };
		3DF937031AA52B0C00059486 /* catch.hpp */ = {isa = PBXFileReference; fileEncoding = 4; lastKnownFileType = sourcecode.cpp.h; path = catch.hpp; sourceTree = "<group>"; };
		3DF937041AA52C7900059486 /* test.cpp */ = {isa = PBXFileReference; fileEncoding = 4; lastKnownFileType = sourcecode.cpp.cpp; path = test.cpp; sourceTree = "<group>"; };
/* End PBXFileReference section */

/* Begin PBXFrameworksBuildPhase section */
		3DF936E71AA5249400059486 /* Frameworks */ = {
			isa = PBXFrameworksBuildPhase;
			buildActionMask = 2147483647;
			files = (
			);
			runOnlyForDeploymentPostprocessing = 0;
		};
		3DF936F81AA52A5F00059486 /* Frameworks */ = {
			isa = PBXFrameworksBuildPhase;
			buildActionMask = 2147483647;
			files = (
			);
			runOnlyForDeploymentPostprocessing = 0;
		};
/* End PBXFrameworksBuildPhase section */

/* Begin PBXGroup section */
		3DF936E11AA5249400059486 = {
			isa = PBXGroup;
			children = (
				3DF936EC1AA5249400059486 /* BattleFleet */,
				3DF936FC1AA52A5F00059486 /* BattleFleet Test */,
				3DF936EB1AA5249400059486 /* Products */,
			);
			sourceTree = "<group>";
		};
		3DF936EB1AA5249400059486 /* Products */ = {
			isa = PBXGroup;
			children = (
				3DF936EA1AA5249400059486 /* BattleFleet */,
				3DF936FB1AA52A5F00059486 /* BattleFleet Test */,
			);
			name = Products;
			sourceTree = "<group>";
		};
		3DF936EC1AA5249400059486 /* BattleFleet */ = {
			isa = PBXGroup;
			children = (
				3DF936ED1AA5249400059486 /* main.cpp */,
			);
			path = BattleFleet;
			sourceTree = "<group>";
		};
		3DF936FC1AA52A5F00059486 /* BattleFleet Test */ = {
			isa = PBXGroup;
			children = (
				3DF937041AA52C7900059486 /* test.cpp */,
				3DF937031AA52B0C00059486 /* catch.hpp */,
				3DB7A99C1AA92CAE006925A6 /* BFShip.cpp */,
				3DB7A99D1AA92CAE006925A6 /* BFShip.h */,
			);
			path = "BattleFleet Test";
			sourceTree = "<group>";
		};
/* End PBXGroup section */

/* Begin PBXNativeTarget section */
		3DF936E91AA5249400059486 /* BattleFleet */ = {
			isa = PBXNativeTarget;
			buildConfigurationList = 3DF936F11AA5249400059486 /* Build configuration list for PBXNativeTarget "BattleFleet" */;
			buildPhases = (
				3DF936E61AA5249400059486 /* Sources */,
				3DF936E71AA5249400059486 /* Frameworks */,
				3DF936E81AA5249400059486 /* CopyFiles */,
			);
			buildRules = (
			);
			dependencies = (
			);
			name = BattleFleet;
			productName = BattleFleet;
			productReference = 3DF936EA1AA5249400059486 /* BattleFleet */;
			productType = "com.apple.product-type.tool";
		};
		3DF936FA1AA52A5F00059486 /* BattleFleet Test */ = {
			isa = PBXNativeTarget;
			buildConfigurationList = 3DF936FF1AA52A5F00059486 /* Build configuration list for PBXNativeTarget "BattleFleet Test" */;
			buildPhases = (
				3DF936F71AA52A5F00059486 /* Sources */,
				3DF936F81AA52A5F00059486 /* Frameworks */,
				3DF936F91AA52A5F00059486 /* CopyFiles */,
			);
			buildRules = (
			);
			dependencies = (
			);
			name = "BattleFleet Test";
			productName = "BattleFleet Test";
			productReference = 3DF936FB1AA52A5F00059486 /* BattleFleet Test */;
			productType = "com.apple.product-type.tool";
		};
/* End PBXNativeTarget section */

/* Begin PBXProject section */
		3DF936E21AA5249400059486 /* Project object */ = {
			isa = PBXProject;
			attributes = {
				LastUpgradeCheck = 0610;
				ORGANIZATIONNAME = "UAF CS372";
				TargetAttributes = {
					3DF936E91AA5249400059486 = {
						CreatedOnToolsVersion = 6.1.1;
					};
					3DF936FA1AA52A5F00059486 = {
						CreatedOnToolsVersion = 6.1.1;
					};
				};
			};
			buildConfigurationList = 3DF936E51AA5249400059486 /* Build configuration list for PBXProject "BattleFleet" */;
			compatibilityVersion = "Xcode 3.2";
			developmentRegion = English;
			hasScannedForEncodings = 0;
			knownRegions = (
				en,
			);
			mainGroup = 3DF936E11AA5249400059486;
			productRefGroup = 3DF936EB1AA5249400059486 /* Products */;
			projectDirPath = "";
			projectRoot = "";
			targets = (
				3DF936E91AA5249400059486 /* BattleFleet */,
				3DF936FA1AA52A5F00059486 /* BattleFleet Test */,
			);
		};
/* End PBXProject section */

/* Begin PBXSourcesBuildPhase section */
		3DF936E61AA5249400059486 /* Sources */ = {
			isa = PBXSourcesBuildPhase;
			buildActionMask = 2147483647;
			files = (
				3DF936EE1AA5249400059486 /* main.cpp in Sources */,
				3DB7A99E1AA92CAE006925A6 /* BFShip.cpp in Sources */,
			);
			runOnlyForDeploymentPostprocessing = 0;
		};
		3DF936F71AA52A5F00059486 /* Sources */ = {
			isa = PBXSourcesBuildPhase;
			buildActionMask = 2147483647;
			files = (
				3DF937051AA52C7900059486 /* test.cpp in Sources */,
				3DB7A99F1AA92CAE006925A6 /* BFShip.cpp in Sources */,
			);
			runOnlyForDeploymentPostprocessing = 0;
		};
/* End PBXSourcesBuildPhase section */

/* Begin XCBuildConfiguration section */
		3DF936EF1AA5249400059486 /* Debug */ = {
			isa = XCBuildConfiguration;
			buildSettings = {
				ALWAYS_SEARCH_USER_PATHS = NO;
				CLANG_CXX_LANGUAGE_STANDARD = "gnu++0x";
				CLANG_CXX_LIBRARY = "libc++";
				CLANG_ENABLE_MODULES = YES;
				CLANG_ENABLE_OBJC_ARC = YES;
				CLANG_WARN_BOOL_CONVERSION = YES;
				CLANG_WARN_CONSTANT_CONVERSION = YES;
				CLANG_WARN_DIRECT_OBJC_ISA_USAGE = YES_ERROR;
				CLANG_WARN_EMPTY_BODY = YES;
				CLANG_WARN_ENUM_CONVERSION = YES;
				CLANG_WARN_INT_CONVERSION = YES;
				CLANG_WARN_OBJC_ROOT_CLASS = YES_ERROR;
				CLANG_WARN_UNREACHABLE_CODE = YES;
				CLANG_WARN__DUPLICATE_METHOD_MATCH = YES;
				COPY_PHASE_STRIP = NO;
				ENABLE_STRICT_OBJC_MSGSEND = YES;
				GCC_C_LANGUAGE_STANDARD = gnu99;
				GCC_DYNAMIC_NO_PIC = NO;
				GCC_OPTIMIZATION_LEVEL = 0;
				GCC_PREPROCESSOR_DEFINITIONS = (
					"DEBUG=1",
					"$(inherited)",
				);
				GCC_SYMBOLS_PRIVATE_EXTERN = NO;
				GCC_WARN_64_TO_32_BIT_CONVERSION = YES;
				GCC_WARN_ABOUT_RETURN_TYPE = YES_ERROR;
				GCC_WARN_UNDECLARED_SELECTOR = YES;
				GCC_WARN_UNINITIALIZED_AUTOS = YES_AGGRESSIVE;
				GCC_WARN_UNUSED_FUNCTION = YES;
				GCC_WARN_UNUSED_VARIABLE = YES;
				MACOSX_DEPLOYMENT_TARGET = 10.10;
				MTL_ENABLE_DEBUG_INFO = YES;
				ONLY_ACTIVE_ARCH = YES;
				SDKROOT = macosx;
			};
			name = Debug;
		};
		3DF936F01AA5249400059486 /* Release */ = {
			isa = XCBuildConfiguration;
			buildSettings = {
				ALWAYS_SEARCH_USER_PATHS = NO;
				CLANG_CXX_LANGUAGE_STANDARD = "gnu++0x";
				CLANG_CXX_LIBRARY = "libc++";
				CLANG_ENABLE_MODULES = YES;
				CLANG_ENABLE_OBJC_ARC = YES;
				CLANG_WARN_BOOL_CONVERSION = YES;
				CLANG_WARN_CONSTANT_CONVERSION = YES;
				CLANG_WARN_DIRECT_OBJC_ISA_USAGE = YES_ERROR;
				CLANG_WARN_EMPTY_BODY = YES;
				CLANG_WARN_ENUM_CONVERSION = YES;
				CLANG_WARN_INT_CONVERSION = YES;
				CLANG_WARN_OBJC_ROOT_CLASS = YES_ERROR;
				CLANG_WARN_UNREACHABLE_CODE = YES;
				CLANG_WARN__DUPLICATE_METHOD_MATCH = YES;
				COPY_PHASE_STRIP = YES;
				DEBUG_INFORMATION_FORMAT = "dwarf-with-dsym";
				ENABLE_NS_ASSERTIONS = NO;
				ENABLE_STRICT_OBJC_MSGSEND = YES;
				GCC_C_LANGUAGE_STANDARD = gnu99;
				GCC_WARN_64_TO_32_BIT_CONVERSION = YES;
				GCC_WARN_ABOUT_RETURN_TYPE = YES_ERROR;
				GCC_WARN_UNDECLARED_SELECTOR = YES;
				GCC_WARN_UNINITIALIZED_AUTOS = YES_AGGRESSIVE;
				GCC_WARN_UNUSED_FUNCTION = YES;
				GCC_WARN_UNUSED_VARIABLE = YES;
				MACOSX_DEPLOYMENT_TARGET = 10.10;
				MTL_ENABLE_DEBUG_INFO = NO;
				SDKROOT = macosx;
			};
			name = Release;
		};
		3DF936F21AA5249400059486 /* Debug */ = {
			isa = XCBuildConfiguration;
			buildSettings = {
				PRODUCT_NAME = "$(TARGET_NAME)";
			};
			name = Debug;
		};
		3DF936F31AA5249400059486 /* Release */ = {
			isa = XCBuildConfiguration;
			buildSettings = {
				PRODUCT_NAME = "$(TARGET_NAME)";
			};
			name = Release;
		};
		3DF937001AA52A5F00059486 /* Debug */ = {
			isa = XCBuildConfiguration;
			buildSettings = {
				GCC_PREPROCESSOR_DEFINITIONS = (
					"DEBUG=1",
					"$(inherited)",
				);
				PRODUCT_NAME = "$(TARGET_NAME)";
			};
			name = Debug;
		};
		3DF937011AA52A5F00059486 /* Release */ = {
			isa = XCBuildConfiguration;
			buildSettings = {
				PRODUCT_NAME = "$(TARGET_NAME)";
			};
			name = Release;
		};
/* End XCBuildConfiguration section */

/* Begin XCConfigurationList section */
		3DF936E51AA5249400059486 /* Build configuration list for PBXProject "BattleFleet" */ = {
			isa = XCConfigurationList;
			buildConfigurations = (
				3DF936EF1AA5249400059486 /* Debug */,
				3DF936F01AA5249400059486 /* Release */,
			);
			defaultConfigurationIsVisible = 0;
			defaultConfigurationName = Release;
		};
		3DF936F11AA5249400059486 /* Build configuration list for PBXNativeTarget "BattleFleet" */ = {
			isa = XCConfigurationList;
			buildConfigurations = (
				3DF936F21AA5249400059486 /* Debug */,
				3DF936F31AA5249400059486 /* Release */,
			);
			defaultConfigurationIsVisible = 0;
			defaultConfigurationName = Release;
		};
		3DF936FF1AA52A5F00059486 /* Build configuration list for PBXNativeTarget "BattleFleet Test" */ = {
			isa = XCConfigurationList;
			buildConfigurations = (
				3DF937001AA52A5F00059486 /* Debug */,
				3DF937011AA52A5F00059486 /* Release */,
			);
			defaultConfigurationIsVisible = 0;
			defaultConfigurationName = Release;
		};
/* End XCConfigurationList section */
	};
	rootObject = 3DF936E21AA5249400059486 /* Project object */;
}
