// !$*UTF8*$!
{
	archiveVersion = 1;
	classes = {
	};
	objectVersion = 46;
	objects = {

/* Begin PBXBuildFile section */
		3D06E6851ABE264400D83EA9 /* BattleFleetGUIApp.cpp in Sources */ = {isa = PBXBuildFile; fileRef = 3D06E6841ABE264400D83EA9 /* BattleFleetGUIApp.cpp */; };
		3D06E6941ABE26AF00D83EA9 /* Game.cpp in Sources */ = {isa = PBXBuildFile; fileRef = 3D06E6921ABE26AF00D83EA9 /* Game.cpp */; };
		3D06E6951ABE26AF00D83EA9 /* Game.cpp in Sources */ = {isa = PBXBuildFile; fileRef = 3D06E6921ABE26AF00D83EA9 /* Game.cpp */; };
		3D06E6971ABE2D9A00D83EA9 /* Cocoa.framework in Frameworks */ = {isa = PBXBuildFile; fileRef = 3D06E6961ABE2D9A00D83EA9 /* Cocoa.framework */; };
		3D06E6991ABE2DB700D83EA9 /* CoreVideo.framework in Frameworks */ = {isa = PBXBuildFile; fileRef = 3D06E6981ABE2DB700D83EA9 /* CoreVideo.framework */; };
		3D06E69B1ABE2DBE00D83EA9 /* OpenGL.framework in Frameworks */ = {isa = PBXBuildFile; fileRef = 3D06E69A1ABE2DBE00D83EA9 /* OpenGL.framework */; };
		3D06E69D1ABE2DC700D83EA9 /* QTKit.framework in Frameworks */ = {isa = PBXBuildFile; fileRef = 3D06E69C1ABE2DC700D83EA9 /* QTKit.framework */; };
		3D06E69F1ABE2DCD00D83EA9 /* Accelerate.framework in Frameworks */ = {isa = PBXBuildFile; fileRef = 3D06E69E1ABE2DCD00D83EA9 /* Accelerate.framework */; };
		3D06E6A11ABE2DD300D83EA9 /* AudioToolbox.framework in Frameworks */ = {isa = PBXBuildFile; fileRef = 3D06E6A01ABE2DD300D83EA9 /* AudioToolbox.framework */; };
		3D06E6A31ABE2DD900D83EA9 /* AudioUnit.framework in Frameworks */ = {isa = PBXBuildFile; fileRef = 3D06E6A21ABE2DD900D83EA9 /* AudioUnit.framework */; };
		3D06E6A51ABE2DDE00D83EA9 /* CoreAudio.framework in Frameworks */ = {isa = PBXBuildFile; fileRef = 3D06E6A41ABE2DDE00D83EA9 /* CoreAudio.framework */; };
		3D06E6D01ABE2FF500D83EA9 /* Game.cpp in Sources */ = {isa = PBXBuildFile; fileRef = 3D06E6921ABE26AF00D83EA9 /* Game.cpp */; };
		3D06E6D21ABE2FF500D83EA9 /* BattleFleetGUIApp.cpp in Sources */ = {isa = PBXBuildFile; fileRef = 3D06E6841ABE264400D83EA9 /* BattleFleetGUIApp.cpp */; };
		3D06E6D31ABE2FF500D83EA9 /* BFShip.cpp in Sources */ = {isa = PBXBuildFile; fileRef = 3DC0BB2E1AB25A7A00E0A7AC /* BFShip.cpp */; };
		3D06E6D61ABE2FF500D83EA9 /* BFBoard.cpp in Sources */ = {isa = PBXBuildFile; fileRef = 3D0C03A81AB0ED2900E11260 /* BFBoard.cpp */; };
		3D06E6D81ABE301A00D83EA9 /* OpenGL.framework in Frameworks */ = {isa = PBXBuildFile; fileRef = 3D06E69A1ABE2DBE00D83EA9 /* OpenGL.framework */; };
		3D06E6D91ABE302000D83EA9 /* CoreAudio.framework in Frameworks */ = {isa = PBXBuildFile; fileRef = 3D06E6A41ABE2DDE00D83EA9 /* CoreAudio.framework */; };
		3D06E6DA1ABE303700D83EA9 /* Cocoa.framework in Frameworks */ = {isa = PBXBuildFile; fileRef = 3D06E6961ABE2D9A00D83EA9 /* Cocoa.framework */; };
		3D06E6DB1ABE304500D83EA9 /* CoreVideo.framework in Frameworks */ = {isa = PBXBuildFile; fileRef = 3D06E6981ABE2DB700D83EA9 /* CoreVideo.framework */; };
		3D06E6DC1ABE304B00D83EA9 /* QTKit.framework in Frameworks */ = {isa = PBXBuildFile; fileRef = 3D06E69C1ABE2DC700D83EA9 /* QTKit.framework */; };
		3D06E6DD1ABE305000D83EA9 /* Accelerate.framework in Frameworks */ = {isa = PBXBuildFile; fileRef = 3D06E69E1ABE2DCD00D83EA9 /* Accelerate.framework */; };
		3D06E6DE1ABE305800D83EA9 /* AudioUnit.framework in Frameworks */ = {isa = PBXBuildFile; fileRef = 3D06E6A21ABE2DD900D83EA9 /* AudioUnit.framework */; };
		3D06E6DF1ABE306900D83EA9 /* AudioToolbox.framework in Frameworks */ = {isa = PBXBuildFile; fileRef = 3D06E6A01ABE2DD300D83EA9 /* AudioToolbox.framework */; };
		3D06E6E01ABE308800D83EA9 /* AircraftCarrier.png in Resources */ = {isa = PBXBuildFile; fileRef = 3D06E6A71ABE2E2100D83EA9 /* AircraftCarrier.png */; };
		3D06E6E11ABE308800D83EA9 /* BattleFleetBoard.jpg in Resources */ = {isa = PBXBuildFile; fileRef = 3D06E6A81ABE2E2100D83EA9 /* BattleFleetBoard.jpg */; };
		3D06E6E21ABE308800D83EA9 /* BattleShip.png in Resources */ = {isa = PBXBuildFile; fileRef = 3D06E6A91ABE2E2100D83EA9 /* BattleShip.png */; };
		3D06E6E31ABE308800D83EA9 /* Cruiser.png in Resources */ = {isa = PBXBuildFile; fileRef = 3D06E6AA1ABE2E2100D83EA9 /* Cruiser.png */; };
		3D06E6E41ABE308800D83EA9 /* PatrolBoat.png in Resources */ = {isa = PBXBuildFile; fileRef = 3D06E6AB1ABE2E2100D83EA9 /* PatrolBoat.png */; };
		3D06E6E51ABE308800D83EA9 /* RedPin.png in Resources */ = {isa = PBXBuildFile; fileRef = 3D06E6AC1ABE2E2100D83EA9 /* RedPin.png */; };
		3D06E6E61ABE308800D83EA9 /* Submarine.png in Resources */ = {isa = PBXBuildFile; fileRef = 3D06E6AD1ABE2E2100D83EA9 /* Submarine.png */; };
		3D06E6E71ABE308800D83EA9 /* WhitePin.png in Resources */ = {isa = PBXBuildFile; fileRef = 3D06E6AE1ABE2E2100D83EA9 /* WhitePin.png */; };
		3D06E6E81ABE366A00D83EA9 /* AircraftCarrier.png in CopyFiles */ = {isa = PBXBuildFile; fileRef = 3D06E6A71ABE2E2100D83EA9 /* AircraftCarrier.png */; };
		3D06E6E91ABE366A00D83EA9 /* BattleFleetBoard.jpg in CopyFiles */ = {isa = PBXBuildFile; fileRef = 3D06E6A81ABE2E2100D83EA9 /* BattleFleetBoard.jpg */; };
		3D06E6EA1ABE366A00D83EA9 /* BattleShip.png in CopyFiles */ = {isa = PBXBuildFile; fileRef = 3D06E6A91ABE2E2100D83EA9 /* BattleShip.png */; };
		3D06E6EB1ABE366A00D83EA9 /* Cruiser.png in CopyFiles */ = {isa = PBXBuildFile; fileRef = 3D06E6AA1ABE2E2100D83EA9 /* Cruiser.png */; };
		3D06E6EC1ABE366A00D83EA9 /* PatrolBoat.png in CopyFiles */ = {isa = PBXBuildFile; fileRef = 3D06E6AB1ABE2E2100D83EA9 /* PatrolBoat.png */; };
		3D06E6ED1ABE366A00D83EA9 /* RedPin.png in CopyFiles */ = {isa = PBXBuildFile; fileRef = 3D06E6AC1ABE2E2100D83EA9 /* RedPin.png */; };
		3D06E6EE1ABE366A00D83EA9 /* Submarine.png in CopyFiles */ = {isa = PBXBuildFile; fileRef = 3D06E6AD1ABE2E2100D83EA9 /* Submarine.png */; };
		3D06E6EF1ABE366A00D83EA9 /* WhitePin.png in CopyFiles */ = {isa = PBXBuildFile; fileRef = 3D06E6AE1ABE2E2100D83EA9 /* WhitePin.png */; };
		3D0C03AA1AB0ED2900E11260 /* BFBoard.cpp in Sources */ = {isa = PBXBuildFile; fileRef = 3D0C03A81AB0ED2900E11260 /* BFBoard.cpp */; };
		3D0C03AB1AB0ED2900E11260 /* BFBoard.cpp in Sources */ = {isa = PBXBuildFile; fileRef = 3D0C03A81AB0ED2900E11260 /* BFBoard.cpp */; };
		3DC0BB301AB25A7A00E0A7AC /* BFShip.cpp in Sources */ = {isa = PBXBuildFile; fileRef = 3DC0BB2E1AB25A7A00E0A7AC /* BFShip.cpp */; };
		3DC0BB311AB25A7A00E0A7AC /* BFShip.cpp in Sources */ = {isa = PBXBuildFile; fileRef = 3DC0BB2E1AB25A7A00E0A7AC /* BFShip.cpp */; };
		3DF937051AA52C7900059486 /* test.cpp in Sources */ = {isa = PBXBuildFile; fileRef = 3DF937041AA52C7900059486 /* test.cpp */; };
/* End PBXBuildFile section */

/* Begin PBXContainerItemProxy section */
		3D06E6C31ABE2FB900D83EA9 /* PBXContainerItemProxy */ = {
			isa = PBXContainerItemProxy;
			containerPortal = 3DF936E21AA5249400059486 /* Project object */;
			proxyType = 1;
			remoteGlobalIDString = 3D06E6B21ABE2FB800D83EA9;
			remoteInfo = BattleFleetGame;
		};
/* End PBXContainerItemProxy section */

/* Begin PBXCopyFilesBuildPhase section */
		3DF936E81AA5249400059486 /* CopyFiles */ = {
			isa = PBXCopyFilesBuildPhase;
			buildActionMask = 12;
			dstPath = "";
			dstSubfolderSpec = 16;
			files = (
				3D06E6E81ABE366A00D83EA9 /* AircraftCarrier.png in CopyFiles */,
				3D06E6E91ABE366A00D83EA9 /* BattleFleetBoard.jpg in CopyFiles */,
				3D06E6EA1ABE366A00D83EA9 /* BattleShip.png in CopyFiles */,
				3D06E6EB1ABE366A00D83EA9 /* Cruiser.png in CopyFiles */,
				3D06E6EC1ABE366A00D83EA9 /* PatrolBoat.png in CopyFiles */,
				3D06E6ED1ABE366A00D83EA9 /* RedPin.png in CopyFiles */,
				3D06E6EE1ABE366A00D83EA9 /* Submarine.png in CopyFiles */,
				3D06E6EF1ABE366A00D83EA9 /* WhitePin.png in CopyFiles */,
			);
			runOnlyForDeploymentPostprocessing = 0;
		};
		3DF936F91AA52A5F00059486 /* CopyFiles */ = {
			isa = PBXCopyFilesBuildPhase;
			buildActionMask = 2147483647;
			dstPath = /usr/share/man/man1/;
			dstSubfolderSpec = 0;
			files = (
			);
			runOnlyForDeploymentPostprocessing = 1;
		};
/* End PBXCopyFilesBuildPhase section */

/* Begin PBXFileReference section */
		3D06E6841ABE264400D83EA9 /* BattleFleetGUIApp.cpp */ = {isa = PBXFileReference; fileEncoding = 4; lastKnownFileType = sourcecode.cpp.cpp; path = BattleFleetGUIApp.cpp; sourceTree = "<group>"; };
		3D06E6921ABE26AF00D83EA9 /* Game.cpp */ = {isa = PBXFileReference; fileEncoding = 4; lastKnownFileType = sourcecode.cpp.cpp; path = Game.cpp; sourceTree = "<group>"; };
		3D06E6931ABE26AF00D83EA9 /* Game.h */ = {isa = PBXFileReference; fileEncoding = 4; lastKnownFileType = sourcecode.c.h; path = Game.h; sourceTree = "<group>"; };
		3D06E6961ABE2D9A00D83EA9 /* Cocoa.framework */ = {isa = PBXFileReference; lastKnownFileType = wrapper.framework; name = Cocoa.framework; path = System/Library/Frameworks/Cocoa.framework; sourceTree = SDKROOT; };
		3D06E6981ABE2DB700D83EA9 /* CoreVideo.framework */ = {isa = PBXFileReference; lastKnownFileType = wrapper.framework; name = CoreVideo.framework; path = System/Library/Frameworks/CoreVideo.framework; sourceTree = SDKROOT; };
		3D06E69A1ABE2DBE00D83EA9 /* OpenGL.framework */ = {isa = PBXFileReference; lastKnownFileType = wrapper.framework; name = OpenGL.framework; path = System/Library/Frameworks/OpenGL.framework; sourceTree = SDKROOT; };
		3D06E69C1ABE2DC700D83EA9 /* QTKit.framework */ = {isa = PBXFileReference; lastKnownFileType = wrapper.framework; name = QTKit.framework; path = System/Library/Frameworks/QTKit.framework; sourceTree = SDKROOT; };
		3D06E69E1ABE2DCD00D83EA9 /* Accelerate.framework */ = {isa = PBXFileReference; lastKnownFileType = wrapper.framework; name = Accelerate.framework; path = System/Library/Frameworks/Accelerate.framework; sourceTree = SDKROOT; };
		3D06E6A01ABE2DD300D83EA9 /* AudioToolbox.framework */ = {isa = PBXFileReference; lastKnownFileType = wrapper.framework; name = AudioToolbox.framework; path = System/Library/Frameworks/AudioToolbox.framework; sourceTree = SDKROOT; };
		3D06E6A21ABE2DD900D83EA9 /* AudioUnit.framework */ = {isa = PBXFileReference; lastKnownFileType = wrapper.framework; name = AudioUnit.framework; path = System/Library/Frameworks/AudioUnit.framework; sourceTree = SDKROOT; };
		3D06E6A41ABE2DDE00D83EA9 /* CoreAudio.framework */ = {isa = PBXFileReference; lastKnownFileType = wrapper.framework; name = CoreAudio.framework; path = System/Library/Frameworks/CoreAudio.framework; sourceTree = SDKROOT; };
		3D06E6A71ABE2E2100D83EA9 /* AircraftCarrier.png */ = {isa = PBXFileReference; lastKnownFileType = image.png; path = AircraftCarrier.png; sourceTree = "<group>"; };
		3D06E6A81ABE2E2100D83EA9 /* BattleFleetBoard.jpg */ = {isa = PBXFileReference; lastKnownFileType = image.jpeg; path = BattleFleetBoard.jpg; sourceTree = "<group>"; };
		3D06E6A91ABE2E2100D83EA9 /* BattleShip.png */ = {isa = PBXFileReference; lastKnownFileType = image.png; path = BattleShip.png; sourceTree = "<group>"; };
		3D06E6AA1ABE2E2100D83EA9 /* Cruiser.png */ = {isa = PBXFileReference; lastKnownFileType = image.png; path = Cruiser.png; sourceTree = "<group>"; };
		3D06E6AB1ABE2E2100D83EA9 /* PatrolBoat.png */ = {isa = PBXFileReference; lastKnownFileType = image.png; path = PatrolBoat.png; sourceTree = "<group>"; };
		3D06E6AC1ABE2E2100D83EA9 /* RedPin.png */ = {isa = PBXFileReference; lastKnownFileType = image.png; path = RedPin.png; sourceTree = "<group>"; };
		3D06E6AD1ABE2E2100D83EA9 /* Submarine.png */ = {isa = PBXFileReference; lastKnownFileType = image.png; path = Submarine.png; sourceTree = "<group>"; };
		3D06E6AE1ABE2E2100D83EA9 /* WhitePin.png */ = {isa = PBXFileReference; lastKnownFileType = image.png; path = WhitePin.png; sourceTree = "<group>"; };
		3D06E6B31ABE2FB800D83EA9 /* BattleFleetGame.app */ = {isa = PBXFileReference; explicitFileType = wrapper.application; includeInIndex = 0; path = BattleFleetGame.app; sourceTree = BUILT_PRODUCTS_DIR; };
		3D06E6C21ABE2FB900D83EA9 /* BattleFleetGameTests.xctest */ = {isa = PBXFileReference; explicitFileType = wrapper.cfbundle; includeInIndex = 0; path = BattleFleetGameTests.xctest; sourceTree = BUILT_PRODUCTS_DIR; };
		3D0C03A81AB0ED2900E11260 /* BFBoard.cpp */ = {isa = PBXFileReference; fileEncoding = 4; lastKnownFileType = sourcecode.cpp.cpp; path = BFBoard.cpp; sourceTree = "<group>"; };
		3D0C03A91AB0ED2900E11260 /* BFBoard.h */ = {isa = PBXFileReference; fileEncoding = 4; lastKnownFileType = sourcecode.c.h; path = BFBoard.h; sourceTree = "<group>"; };
		3D875CB31AAA6B2300E3628F /* Project Diary - Will.txt */ = {isa = PBXFileReference; lastKnownFileType = text; path = "Project Diary - Will.txt"; sourceTree = "<group>"; };
		3DC0BB2E1AB25A7A00E0A7AC /* BFShip.cpp */ = {isa = PBXFileReference; fileEncoding = 4; lastKnownFileType = sourcecode.cpp.cpp; path = BFShip.cpp; sourceTree = "<group>"; };
		3DC0BB2F1AB25A7A00E0A7AC /* BFShip.h */ = {isa = PBXFileReference; fileEncoding = 4; lastKnownFileType = sourcecode.c.h; path = BFShip.h; sourceTree = "<group>"; };
		3DF936EA1AA5249400059486 /* BattleFleet */ = {isa = PBXFileReference; explicitFileType = "compiled.mach-o.executable"; includeInIndex = 0; path = BattleFleet; sourceTree = BUILT_PRODUCTS_DIR; };
		3DF936FB1AA52A5F00059486 /* BattleFleet Test */ = {isa = PBXFileReference; explicitFileType = "compiled.mach-o.executable"; includeInIndex = 0; path = "BattleFleet Test"; sourceTree = BUILT_PRODUCTS_DIR; };
		3DF937031AA52B0C00059486 /* catch.hpp */ = {isa = PBXFileReference; fileEncoding = 4; lastKnownFileType = sourcecode.cpp.h; path = catch.hpp; sourceTree = "<group>"; };
		3DF937041AA52C7900059486 /* test.cpp */ = {isa = PBXFileReference; fileEncoding = 4; lastKnownFileType = sourcecode.cpp.cpp; path = test.cpp; sourceTree = "<group>"; };
/* End PBXFileReference section */

/* Begin PBXFrameworksBuildPhase section */
		3D06E6B01ABE2FB800D83EA9 /* Frameworks */ = {
			isa = PBXFrameworksBuildPhase;
			buildActionMask = 2147483647;
			files = (
				3D06E6DF1ABE306900D83EA9 /* AudioToolbox.framework in Frameworks */,
				3D06E6DE1ABE305800D83EA9 /* AudioUnit.framework in Frameworks */,
				3D06E6DD1ABE305000D83EA9 /* Accelerate.framework in Frameworks */,
				3D06E6DC1ABE304B00D83EA9 /* QTKit.framework in Frameworks */,
				3D06E6DB1ABE304500D83EA9 /* CoreVideo.framework in Frameworks */,
				3D06E6DA1ABE303700D83EA9 /* Cocoa.framework in Frameworks */,
				3D06E6D91ABE302000D83EA9 /* CoreAudio.framework in Frameworks */,
				3D06E6D81ABE301A00D83EA9 /* OpenGL.framework in Frameworks */,
			);
			runOnlyForDeploymentPostprocessing = 0;
		};
		3D06E6BF1ABE2FB800D83EA9 /* Frameworks */ = {
			isa = PBXFrameworksBuildPhase;
			buildActionMask = 2147483647;
			files = (
			);
			runOnlyForDeploymentPostprocessing = 0;
		};
		3DF936E71AA5249400059486 /* Frameworks */ = {
			isa = PBXFrameworksBuildPhase;
			buildActionMask = 2147483647;
			files = (
				3D06E6A51ABE2DDE00D83EA9 /* CoreAudio.framework in Frameworks */,
				3D06E6A31ABE2DD900D83EA9 /* AudioUnit.framework in Frameworks */,
				3D06E6A11ABE2DD300D83EA9 /* AudioToolbox.framework in Frameworks */,
				3D06E69F1ABE2DCD00D83EA9 /* Accelerate.framework in Frameworks */,
				3D06E69D1ABE2DC700D83EA9 /* QTKit.framework in Frameworks */,
				3D06E69B1ABE2DBE00D83EA9 /* OpenGL.framework in Frameworks */,
				3D06E6991ABE2DB700D83EA9 /* CoreVideo.framework in Frameworks */,
				3D06E6971ABE2D9A00D83EA9 /* Cocoa.framework in Frameworks */,
			);
			runOnlyForDeploymentPostprocessing = 0;
		};
		3DF936F81AA52A5F00059486 /* Frameworks */ = {
			isa = PBXFrameworksBuildPhase;
			buildActionMask = 2147483647;
			files = (
			);
			runOnlyForDeploymentPostprocessing = 0;
		};
/* End PBXFrameworksBuildPhase section */

/* Begin PBXGroup section */
		3D06E6861ABE265F00D83EA9 /* Images */ = {
			isa = PBXGroup;
			children = (
				3D06E6A71ABE2E2100D83EA9 /* AircraftCarrier.png */,
				3D06E6A81ABE2E2100D83EA9 /* BattleFleetBoard.jpg */,
				3D06E6A91ABE2E2100D83EA9 /* BattleShip.png */,
				3D06E6AA1ABE2E2100D83EA9 /* Cruiser.png */,
				3D06E6AB1ABE2E2100D83EA9 /* PatrolBoat.png */,
				3D06E6AC1ABE2E2100D83EA9 /* RedPin.png */,
				3D06E6AD1ABE2E2100D83EA9 /* Submarine.png */,
				3D06E6AE1ABE2E2100D83EA9 /* WhitePin.png */,
			);
			path = Images;
			sourceTree = "<group>";
		};
		3D06E6A61ABE2DE800D83EA9 /* Frameworks */ = {
			isa = PBXGroup;
			children = (
				3D06E6A41ABE2DDE00D83EA9 /* CoreAudio.framework */,
				3D06E6A21ABE2DD900D83EA9 /* AudioUnit.framework */,
				3D06E6A01ABE2DD300D83EA9 /* AudioToolbox.framework */,
				3D06E69E1ABE2DCD00D83EA9 /* Accelerate.framework */,
				3D06E69C1ABE2DC700D83EA9 /* QTKit.framework */,
				3D06E69A1ABE2DBE00D83EA9 /* OpenGL.framework */,
				3D06E6981ABE2DB700D83EA9 /* CoreVideo.framework */,
				3D06E6961ABE2D9A00D83EA9 /* Cocoa.framework */,
			);
			name = Frameworks;
			sourceTree = "<group>";
		};
		3DF936E11AA5249400059486 = {
			isa = PBXGroup;
			children = (
				3D06E6A61ABE2DE800D83EA9 /* Frameworks */,
				3D06E6861ABE265F00D83EA9 /* Images */,
				3D875CB31AAA6B2300E3628F /* Project Diary - Will.txt */,
				3DF936EC1AA5249400059486 /* BattleFleet */,
				3DF936FC1AA52A5F00059486 /* BattleFleet Test */,
				3DF936EB1AA5249400059486 /* Products */,
			);
			sourceTree = "<group>";
		};
		3DF936EB1AA5249400059486 /* Products */ = {
			isa = PBXGroup;
			children = (
				3DF936EA1AA5249400059486 /* BattleFleet */,
				3DF936FB1AA52A5F00059486 /* BattleFleet Test */,
				3D06E6B31ABE2FB800D83EA9 /* BattleFleetGame.app */,
				3D06E6C21ABE2FB900D83EA9 /* BattleFleetGameTests.xctest */,
			);
			name = Products;
			sourceTree = "<group>";
		};
		3DF936EC1AA5249400059486 /* BattleFleet */ = {
			isa = PBXGroup;
			children = (
				3D06E6921ABE26AF00D83EA9 /* Game.cpp */,
				3D06E6931ABE26AF00D83EA9 /* Game.h */,
				3D06E6841ABE264400D83EA9 /* BattleFleetGUIApp.cpp */,
				3DC0BB2E1AB25A7A00E0A7AC /* BFShip.cpp */,
				3DC0BB2F1AB25A7A00E0A7AC /* BFShip.h */,
				3D0C03A81AB0ED2900E11260 /* BFBoard.cpp */,
				3D0C03A91AB0ED2900E11260 /* BFBoard.h */,
			);
			path = BattleFleet;
			sourceTree = "<group>";
		};
		3DF936FC1AA52A5F00059486 /* BattleFleet Test */ = {
			isa = PBXGroup;
			children = (
				3DF937041AA52C7900059486 /* test.cpp */,
				3DF937031AA52B0C00059486 /* catch.hpp */,
			);
			path = "BattleFleet Test";
			sourceTree = "<group>";
		};
/* End PBXGroup section */

/* Begin PBXNativeTarget section */
		3D06E6B21ABE2FB800D83EA9 /* BattleFleetGame */ = {
			isa = PBXNativeTarget;
			buildConfigurationList = 3D06E6CA1ABE2FB900D83EA9 /* Build configuration list for PBXNativeTarget "BattleFleetGame" */;
			buildPhases = (
				3D06E6AF1ABE2FB800D83EA9 /* Sources */,
				3D06E6B01ABE2FB800D83EA9 /* Frameworks */,
				3D06E6B11ABE2FB800D83EA9 /* Resources */,
			);
			buildRules = (
			);
			dependencies = (
			);
			name = BattleFleetGame;
			productName = BattleFleetGame;
			productReference = 3D06E6B31ABE2FB800D83EA9 /* BattleFleetGame.app */;
			productType = "com.apple.product-type.application";
		};
		3D06E6C11ABE2FB800D83EA9 /* BattleFleetGameTests */ = {
			isa = PBXNativeTarget;
			buildConfigurationList = 3D06E6CD1ABE2FB900D83EA9 /* Build configuration list for PBXNativeTarget "BattleFleetGameTests" */;
			buildPhases = (
				3D06E6BE1ABE2FB800D83EA9 /* Sources */,
				3D06E6BF1ABE2FB800D83EA9 /* Frameworks */,
				3D06E6C01ABE2FB800D83EA9 /* Resources */,
			);
			buildRules = (
			);
			dependencies = (
				3D06E6C41ABE2FB900D83EA9 /* PBXTargetDependency */,
			);
			name = BattleFleetGameTests;
			productName = BattleFleetGameTests;
			productReference = 3D06E6C21ABE2FB900D83EA9 /* BattleFleetGameTests.xctest */;
			productType = "com.apple.product-type.bundle.unit-test";
		};
		3DF936E91AA5249400059486 /* BattleFleet */ = {
			isa = PBXNativeTarget;
			buildConfigurationList = 3DF936F11AA5249400059486 /* Build configuration list for PBXNativeTarget "BattleFleet" */;
			buildPhases = (
				3DF936E61AA5249400059486 /* Sources */,
				3DF936E71AA5249400059486 /* Frameworks */,
				3DF936E81AA5249400059486 /* CopyFiles */,
			);
			buildRules = (
			);
			dependencies = (
			);
			name = BattleFleet;
			productName = BattleFleet;
			productReference = 3DF936EA1AA5249400059486 /* BattleFleet */;
			productType = "com.apple.product-type.tool";
		};
		3DF936FA1AA52A5F00059486 /* BattleFleet Test */ = {
			isa = PBXNativeTarget;
			buildConfigurationList = 3DF936FF1AA52A5F00059486 /* Build configuration list for PBXNativeTarget "BattleFleet Test" */;
			buildPhases = (
				3DF936F71AA52A5F00059486 /* Sources */,
				3DF936F81AA52A5F00059486 /* Frameworks */,
				3DF936F91AA52A5F00059486 /* CopyFiles */,
			);
			buildRules = (
			);
			dependencies = (
			);
			name = "BattleFleet Test";
			productName = "BattleFleet Test";
			productReference = 3DF936FB1AA52A5F00059486 /* BattleFleet Test */;
			productType = "com.apple.product-type.tool";
		};
/* End PBXNativeTarget section */

/* Begin PBXProject section */
		3DF936E21AA5249400059486 /* Project object */ = {
			isa = PBXProject;
			attributes = {
				LastUpgradeCheck = 0610;
				ORGANIZATIONNAME = "UAF CS372";
				TargetAttributes = {
					3D06E6B21ABE2FB800D83EA9 = {
						CreatedOnToolsVersion = 6.2;
					};
					3D06E6C11ABE2FB800D83EA9 = {
						CreatedOnToolsVersion = 6.2;
						TestTargetID = 3D06E6B21ABE2FB800D83EA9;
					};
					3DF936E91AA5249400059486 = {
						CreatedOnToolsVersion = 6.1.1;
					};
					3DF936FA1AA52A5F00059486 = {
						CreatedOnToolsVersion = 6.1.1;
					};
				};
			};
			buildConfigurationList = 3DF936E51AA5249400059486 /* Build configuration list for PBXProject "BattleFleet" */;
			compatibilityVersion = "Xcode 3.2";
			developmentRegion = English;
			hasScannedForEncodings = 0;
			knownRegions = (
				en,
				Base,
			);
			mainGroup = 3DF936E11AA5249400059486;
			productRefGroup = 3DF936EB1AA5249400059486 /* Products */;
			projectDirPath = "";
			projectRoot = "";
			targets = (
				3DF936E91AA5249400059486 /* BattleFleet */,
				3DF936FA1AA52A5F00059486 /* BattleFleet Test */,
				3D06E6B21ABE2FB800D83EA9 /* BattleFleetGame */,
				3D06E6C11ABE2FB800D83EA9 /* BattleFleetGameTests */,
			);
		};
/* End PBXProject section */

/* Begin PBXResourcesBuildPhase section */
		3D06E6B11ABE2FB800D83EA9 /* Resources */ = {
			isa = PBXResourcesBuildPhase;
			buildActionMask = 2147483647;
			files = (
				3D06E6E01ABE308800D83EA9 /* AircraftCarrier.png in Resources */,
				3D06E6E11ABE308800D83EA9 /* BattleFleetBoard.jpg in Resources */,
				3D06E6E21ABE308800D83EA9 /* BattleShip.png in Resources */,
				3D06E6E31ABE308800D83EA9 /* Cruiser.png in Resources */,
				3D06E6E41ABE308800D83EA9 /* PatrolBoat.png in Resources */,
				3D06E6E51ABE308800D83EA9 /* RedPin.png in Resources */,
				3D06E6E61ABE308800D83EA9 /* Submarine.png in Resources */,
				3D06E6E71ABE308800D83EA9 /* WhitePin.png in Resources */,
			);
			runOnlyForDeploymentPostprocessing = 0;
		};
		3D06E6C01ABE2FB800D83EA9 /* Resources */ = {
			isa = PBXResourcesBuildPhase;
			buildActionMask = 2147483647;
			files = (
			);
			runOnlyForDeploymentPostprocessing = 0;
		};
/* End PBXResourcesBuildPhase section */

/* Begin PBXSourcesBuildPhase section */
		3D06E6AF1ABE2FB800D83EA9 /* Sources */ = {
			isa = PBXSourcesBuildPhase;
			buildActionMask = 2147483647;
			files = (
				3D06E6D01ABE2FF500D83EA9 /* Game.cpp in Sources */,
				3D06E6D21ABE2FF500D83EA9 /* BattleFleetGUIApp.cpp in Sources */,
				3D06E6D31ABE2FF500D83EA9 /* BFShip.cpp in Sources */,
				3D06E6D61ABE2FF500D83EA9 /* BFBoard.cpp in Sources */,
			);
			runOnlyForDeploymentPostprocessing = 0;
		};
		3D06E6BE1ABE2FB800D83EA9 /* Sources */ = {
			isa = PBXSourcesBuildPhase;
			buildActionMask = 2147483647;
			files = (
			);
			runOnlyForDeploymentPostprocessing = 0;
		};
		3DF936E61AA5249400059486 /* Sources */ = {
			isa = PBXSourcesBuildPhase;
			buildActionMask = 2147483647;
			files = (
				3D06E6851ABE264400D83EA9 /* BattleFleetGUIApp.cpp in Sources */,
				3D0C03AA1AB0ED2900E11260 /* BFBoard.cpp in Sources */,
				3DC0BB301AB25A7A00E0A7AC /* BFShip.cpp in Sources */,
				3D06E6941ABE26AF00D83EA9 /* Game.cpp in Sources */,
			);
			runOnlyForDeploymentPostprocessing = 0;
		};
		3DF936F71AA52A5F00059486 /* Sources */ = {
			isa = PBXSourcesBuildPhase;
			buildActionMask = 2147483647;
			files = (
				3DF937051AA52C7900059486 /* test.cpp in Sources */,
				3D0C03AB1AB0ED2900E11260 /* BFBoard.cpp in Sources */,
				3DC0BB311AB25A7A00E0A7AC /* BFShip.cpp in Sources */,
				3D06E6951ABE26AF00D83EA9 /* Game.cpp in Sources */,
			);
			runOnlyForDeploymentPostprocessing = 0;
		};
/* End PBXSourcesBuildPhase section */

/* Begin PBXTargetDependency section */
		3D06E6C41ABE2FB900D83EA9 /* PBXTargetDependency */ = {
			isa = PBXTargetDependency;
			target = 3D06E6B21ABE2FB800D83EA9 /* BattleFleetGame */;
			targetProxy = 3D06E6C31ABE2FB900D83EA9 /* PBXContainerItemProxy */;
		};
/* End PBXTargetDependency section */

/* Begin XCBuildConfiguration section */
		3D06E6CB1ABE2FB900D83EA9 /* Debug */ = {
			isa = XCBuildConfiguration;
			buildSettings = {
				ASSETCATALOG_COMPILER_APPICON_NAME = AppIcon;
				CLANG_CXX_LANGUAGE_STANDARD = "gnu++0x";
				CODE_SIGN_IDENTITY = "-";
				COMBINE_HIDPI_IMAGES = YES;
				GCC_PREPROCESSOR_DEFINITIONS = (
					"DEBUG=1",
					"$(inherited)",
				);
				INFOPLIST_FILE = Info.plist;
				INSTALL_PATH = "$(HOME)/Applications";
				LD_MAP_FILE_PATH = "\"$(CINDER_PATH)/lib/libcinder_d.a\"";
				LD_RUNPATH_SEARCH_PATHS = "$(inherited) @executable_path/../Frameworks";
				PRODUCT_NAME = "$(TARGET_NAME)";
				SWIFT_OPTIMIZATION_LEVEL = "-Onone";
			};
			name = Debug;
		};
		3D06E6CC1ABE2FB900D83EA9 /* Release */ = {
			isa = XCBuildConfiguration;
			buildSettings = {
				ASSETCATALOG_COMPILER_APPICON_NAME = AppIcon;
				CLANG_CXX_LANGUAGE_STANDARD = "gnu++0x";
				CODE_SIGN_IDENTITY = "-";
				COMBINE_HIDPI_IMAGES = YES;
				COPY_PHASE_STRIP = NO;
				INFOPLIST_FILE = Info.plist;
				INSTALL_PATH = "$(HOME)/Applications";
				LD_MAP_FILE_PATH = "\"$(CINDER_PATH)/lib/libcinder.a\"";
				LD_RUNPATH_SEARCH_PATHS = "$(inherited) @executable_path/../Frameworks";
				PRODUCT_NAME = "$(TARGET_NAME)";
			};
			name = Release;
		};
		3D06E6CE1ABE2FB900D83EA9 /* Debug */ = {
			isa = XCBuildConfiguration;
			buildSettings = {
				BUNDLE_LOADER = "$(TEST_HOST)";
				CLANG_CXX_LANGUAGE_STANDARD = "gnu++0x";
				COMBINE_HIDPI_IMAGES = YES;
				FRAMEWORK_SEARCH_PATHS = (
					"$(DEVELOPER_FRAMEWORKS_DIR)",
					"$(inherited)",
				);
				GCC_PREPROCESSOR_DEFINITIONS = (
					"DEBUG=1",
					"$(inherited)",
				);
				INFOPLIST_FILE = BattleFleetGameTests/Info.plist;
				LD_RUNPATH_SEARCH_PATHS = "$(inherited) @executable_path/../Frameworks @loader_path/../Frameworks";
				PRODUCT_NAME = "$(TARGET_NAME)";
				TEST_HOST = "$(BUILT_PRODUCTS_DIR)/BattleFleetGame.app/Contents/MacOS/BattleFleetGame";
			};
			name = Debug;
		};
		3D06E6CF1ABE2FB900D83EA9 /* Release */ = {
			isa = XCBuildConfiguration;
			buildSettings = {
				BUNDLE_LOADER = "$(TEST_HOST)";
				CLANG_CXX_LANGUAGE_STANDARD = "gnu++0x";
				COMBINE_HIDPI_IMAGES = YES;
				COPY_PHASE_STRIP = NO;
				FRAMEWORK_SEARCH_PATHS = (
					"$(DEVELOPER_FRAMEWORKS_DIR)",
					"$(inherited)",
				);
				INFOPLIST_FILE = BattleFleetGameTests/Info.plist;
				LD_RUNPATH_SEARCH_PATHS = "$(inherited) @executable_path/../Frameworks @loader_path/../Frameworks";
				PRODUCT_NAME = "$(TARGET_NAME)";
				TEST_HOST = "$(BUILT_PRODUCTS_DIR)/BattleFleetGame.app/Contents/MacOS/BattleFleetGame";
			};
			name = Release;
		};
		3DF936EF1AA5249400059486 /* Debug */ = {
			isa = XCBuildConfiguration;
			buildSettings = {
				ALWAYS_SEARCH_USER_PATHS = NO;
				ARCHS = "$(ARCHS_STANDARD)";
				CINDER_PATH = cinder_0.8.6_mac;
				CLANG_CXX_LANGUAGE_STANDARD = "c++0x";
				CLANG_CXX_LIBRARY = "libc++";
				CLANG_ENABLE_MODULES = YES;
				CLANG_ENABLE_OBJC_ARC = YES;
				CLANG_WARN_BOOL_CONVERSION = YES;
				CLANG_WARN_CONSTANT_CONVERSION = YES;
				CLANG_WARN_DIRECT_OBJC_ISA_USAGE = YES_ERROR;
				CLANG_WARN_EMPTY_BODY = YES;
				CLANG_WARN_ENUM_CONVERSION = YES;
				CLANG_WARN_INT_CONVERSION = YES;
				CLANG_WARN_OBJC_ROOT_CLASS = YES_ERROR;
				CLANG_WARN_UNREACHABLE_CODE = YES;
				CLANG_WARN__DUPLICATE_METHOD_MATCH = YES;
				COPY_PHASE_STRIP = NO;
				ENABLE_STRICT_OBJC_MSGSEND = YES;
				GCC_C_LANGUAGE_STANDARD = gnu99;
				GCC_DYNAMIC_NO_PIC = NO;
				GCC_OPTIMIZATION_LEVEL = 0;
				GCC_PREPROCESSOR_DEFINITIONS = (
					"DEBUG=1",
					"$(inherited)",
				);
				GCC_SYMBOLS_PRIVATE_EXTERN = NO;
				GCC_WARN_64_TO_32_BIT_CONVERSION = YES;
				GCC_WARN_ABOUT_RETURN_TYPE = YES_ERROR;
				GCC_WARN_UNDECLARED_SELECTOR = YES;
				GCC_WARN_UNINITIALIZED_AUTOS = YES_AGGRESSIVE;
				GCC_WARN_UNUSED_FUNCTION = YES;
				GCC_WARN_UNUSED_VARIABLE = YES;
				HEADER_SEARCH_PATHS = (
					"$(inherited)",
					/Applications/Xcode.app/Contents/Developer/Toolchains/XcodeDefault.xctoolchain/usr/include,
					"\"$(CINDER_PATH)/boost\"",
				);
				MACOSX_DEPLOYMENT_TARGET = 10.10;
				MTL_ENABLE_DEBUG_INFO = YES;
				ONLY_ACTIVE_ARCH = YES;
				SDKROOT = macosx;
				USER_HEADER_SEARCH_PATHS = "\"$(CINDER_PATH)/include\" \"include\"";
			};
			name = Debug;
		};
		3DF936F01AA5249400059486 /* Release */ = {
			isa = XCBuildConfiguration;
			buildSettings = {
				ALWAYS_SEARCH_USER_PATHS = NO;
				ARCHS = "$(ARCHS_STANDARD)";
				CINDER_PATH = cinder_0.8.6_mac;
				CLANG_CXX_LANGUAGE_STANDARD = "c++0x";
				CLANG_CXX_LIBRARY = "libc++";
				CLANG_ENABLE_MODULES = YES;
				CLANG_ENABLE_OBJC_ARC = YES;
				CLANG_WARN_BOOL_CONVERSION = YES;
				CLANG_WARN_CONSTANT_CONVERSION = YES;
				CLANG_WARN_DIRECT_OBJC_ISA_USAGE = YES_ERROR;
				CLANG_WARN_EMPTY_BODY = YES;
				CLANG_WARN_ENUM_CONVERSION = YES;
				CLANG_WARN_INT_CONVERSION = YES;
				CLANG_WARN_OBJC_ROOT_CLASS = YES_ERROR;
				CLANG_WARN_UNREACHABLE_CODE = YES;
				CLANG_WARN__DUPLICATE_METHOD_MATCH = YES;
				COPY_PHASE_STRIP = YES;
				DEBUG_INFORMATION_FORMAT = "dwarf-with-dsym";
				ENABLE_NS_ASSERTIONS = NO;
				ENABLE_STRICT_OBJC_MSGSEND = YES;
				GCC_C_LANGUAGE_STANDARD = gnu99;
				GCC_WARN_64_TO_32_BIT_CONVERSION = YES;
				GCC_WARN_ABOUT_RETURN_TYPE = YES_ERROR;
				GCC_WARN_UNDECLARED_SELECTOR = YES;
				GCC_WARN_UNINITIALIZED_AUTOS = YES_AGGRESSIVE;
				GCC_WARN_UNUSED_FUNCTION = YES;
				GCC_WARN_UNUSED_VARIABLE = YES;
				HEADER_SEARCH_PATHS = (
					"$(inherited)",
					/Applications/Xcode.app/Contents/Developer/Toolchains/XcodeDefault.xctoolchain/usr/include,
					"\"$(CINDER_PATH)/boost\"",
				);
				MACOSX_DEPLOYMENT_TARGET = 10.10;
				MTL_ENABLE_DEBUG_INFO = NO;
				SDKROOT = macosx;
				USER_HEADER_SEARCH_PATHS = "\"$(CINDER_PATH)/include\" \"include\"";
			};
			name = Release;
		};
		3DF936F21AA5249400059486 /* Debug */ = {
			isa = XCBuildConfiguration;
			buildSettings = {
				DEAD_CODE_STRIPPING = YES;
				"OTHER_LDFLAGS[arch=*]" = "\"$(CINDER_PATH)/lib/libcinder_d.a\"";
				PRODUCT_NAME = "$(TARGET_NAME)";
			};
			name = Debug;
		};
		3DF936F31AA5249400059486 /* Release */ = {
			isa = XCBuildConfiguration;
			buildSettings = {
				DEAD_CODE_STRIPPING = YES;
				OTHER_LDFLAGS = "\"$(CINDER_PATH)/lib/libcinder.a\"";
				PRODUCT_NAME = "$(TARGET_NAME)";
			};
			name = Release;
		};
		3DF937001AA52A5F00059486 /* Debug */ = {
			isa = XCBuildConfiguration;
			buildSettings = {
				GCC_PREPROCESSOR_DEFINITIONS = (
					"DEBUG=1",
					"$(inherited)",
				);
				PRODUCT_NAME = "$(TARGET_NAME)";
			};
			name = Debug;
		};
		3DF937011AA52A5F00059486 /* Release */ = {
			isa = XCBuildConfiguration;
			buildSettings = {
				PRODUCT_NAME = "$(TARGET_NAME)";
			};
			name = Release;
		};
/* End XCBuildConfiguration section */

/* Begin XCConfigurationList section */
		3D06E6CA1ABE2FB900D83EA9 /* Build configuration list for PBXNativeTarget "BattleFleetGame" */ = {
			isa = XCConfigurationList;
			buildConfigurations = (
				3D06E6CB1ABE2FB900D83EA9 /* Debug */,
				3D06E6CC1ABE2FB900D83EA9 /* Release */,
			);
			defaultConfigurationIsVisible = 0;
			defaultConfigurationName = Release;
		};
		3D06E6CD1ABE2FB900D83EA9 /* Build configuration list for PBXNativeTarget "BattleFleetGameTests" */ = {
			isa = XCConfigurationList;
			buildConfigurations = (
				3D06E6CE1ABE2FB900D83EA9 /* Debug */,
				3D06E6CF1ABE2FB900D83EA9 /* Release */,
			);
			defaultConfigurationIsVisible = 0;
			defaultConfigurationName = Release;
		};
		3DF936E51AA5249400059486 /* Build configuration list for PBXProject "BattleFleet" */ = {
			isa = XCConfigurationList;
			buildConfigurations = (
				3DF936EF1AA5249400059486 /* Debug */,
				3DF936F01AA5249400059486 /* Release */,
			);
			defaultConfigurationIsVisible = 0;
			defaultConfigurationName = Release;
		};
		3DF936F11AA5249400059486 /* Build configuration list for PBXNativeTarget "BattleFleet" */ = {
			isa = XCConfigurationList;
			buildConfigurations = (
				3DF936F21AA5249400059486 /* Debug */,
				3DF936F31AA5249400059486 /* Release */,
			);
			defaultConfigurationIsVisible = 0;
			defaultConfigurationName = Release;
		};
		3DF936FF1AA52A5F00059486 /* Build configuration list for PBXNativeTarget "BattleFleet Test" */ = {
			isa = XCConfigurationList;
			buildConfigurations = (
				3DF937001AA52A5F00059486 /* Debug */,
				3DF937011AA52A5F00059486 /* Release */,
			);
			defaultConfigurationIsVisible = 0;
			defaultConfigurationName = Release;
		};
/* End XCConfigurationList section */
	};
	rootObject = 3DF936E21AA5249400059486 /* Project object */;
}
